// !$*UTF8*$!
{
	archiveVersion = 1;
	classes = {
	};
	objectVersion = 46;
	objects = {

/* Begin PBXBuildFile section */
		680376441F312D4100706D69 /* InitialViewController.swift in Sources */ = {isa = PBXBuildFile; fileRef = 680376431F312D4100706D69 /* InitialViewController.swift */; };
		685D75041F25475A0093BFF8 /* AppDelegate.swift in Sources */ = {isa = PBXBuildFile; fileRef = 685D75031F25475A0093BFF8 /* AppDelegate.swift */; };
		685D75061F25475A0093BFF8 /* ViewController.swift in Sources */ = {isa = PBXBuildFile; fileRef = 685D75051F25475A0093BFF8 /* ViewController.swift */; };
		685D75091F25475A0093BFF8 /* Main.storyboard in Resources */ = {isa = PBXBuildFile; fileRef = 685D75071F25475A0093BFF8 /* Main.storyboard */; };
		685D750B1F25475A0093BFF8 /* Assets.xcassets in Resources */ = {isa = PBXBuildFile; fileRef = 685D750A1F25475A0093BFF8 /* Assets.xcassets */; };
		685D750E1F25475A0093BFF8 /* LaunchScreen.storyboard in Resources */ = {isa = PBXBuildFile; fileRef = 685D750C1F25475A0093BFF8 /* LaunchScreen.storyboard */; };
		686B333B1F27F1D6008B5027 /* Game.swift in Sources */ = {isa = PBXBuildFile; fileRef = 686B333A1F27F1D6008B5027 /* Game.swift */; };
		68FD45B41F2FC71D00743C1F /* HistoricalEvent.swift in Sources */ = {isa = PBXBuildFile; fileRef = 68FD45B31F2FC71D00743C1F /* HistoricalEvent.swift */; };
/* End PBXBuildFile section */

/* Begin PBXFileReference section */
		680376431F312D4100706D69 /* InitialViewController.swift */ = {isa = PBXFileReference; fileEncoding = 4; lastKnownFileType = sourcecode.swift; path = InitialViewController.swift; sourceTree = "<group>"; };
		685D75001F25475A0093BFF8 /* Bout Time.app */ = {isa = PBXFileReference; explicitFileType = wrapper.application; includeInIndex = 0; path = "Bout Time.app"; sourceTree = BUILT_PRODUCTS_DIR; };
		685D75031F25475A0093BFF8 /* AppDelegate.swift */ = {isa = PBXFileReference; lastKnownFileType = sourcecode.swift; path = AppDelegate.swift; sourceTree = "<group>"; };
		685D75051F25475A0093BFF8 /* ViewController.swift */ = {isa = PBXFileReference; lastKnownFileType = sourcecode.swift; path = ViewController.swift; sourceTree = "<group>"; };
		685D75081F25475A0093BFF8 /* Base */ = {isa = PBXFileReference; lastKnownFileType = file.storyboard; name = Base; path = Base.lproj/Main.storyboard; sourceTree = "<group>"; };
		685D750A1F25475A0093BFF8 /* Assets.xcassets */ = {isa = PBXFileReference; lastKnownFileType = folder.assetcatalog; path = Assets.xcassets; sourceTree = "<group>"; };
		685D750D1F25475A0093BFF8 /* Base */ = {isa = PBXFileReference; lastKnownFileType = file.storyboard; name = Base; path = Base.lproj/LaunchScreen.storyboard; sourceTree = "<group>"; };
		685D750F1F25475A0093BFF8 /* Info.plist */ = {isa = PBXFileReference; lastKnownFileType = text.plist.xml; path = Info.plist; sourceTree = "<group>"; };
		686B333A1F27F1D6008B5027 /* Game.swift */ = {isa = PBXFileReference; fileEncoding = 4; lastKnownFileType = sourcecode.swift; path = Game.swift; sourceTree = "<group>"; };
		68FD45B31F2FC71D00743C1F /* HistoricalEvent.swift */ = {isa = PBXFileReference; fileEncoding = 4; lastKnownFileType = sourcecode.swift; path = HistoricalEvent.swift; sourceTree = "<group>"; };
/* End PBXFileReference section */

/* Begin PBXFrameworksBuildPhase section */
		685D74FD1F25475A0093BFF8 /* Frameworks */ = {
			isa = PBXFrameworksBuildPhase;
			buildActionMask = 2147483647;
			files = (
			);
			runOnlyForDeploymentPostprocessing = 0;
		};
/* End PBXFrameworksBuildPhase section */

/* Begin PBXGroup section */
		685D74F71F25475A0093BFF8 = {
			isa = PBXGroup;
			children = (
				685D75021F25475A0093BFF8 /* Bout Time */,
				685D75011F25475A0093BFF8 /* Products */,
			);
			sourceTree = "<group>";
		};
		685D75011F25475A0093BFF8 /* Products */ = {
			isa = PBXGroup;
			children = (
				685D75001F25475A0093BFF8 /* Bout Time.app */,
			);
			name = Products;
			sourceTree = "<group>";
		};
		685D75021F25475A0093BFF8 /* Bout Time */ = {
			isa = PBXGroup;
			children = (
				685D75031F25475A0093BFF8 /* AppDelegate.swift */,
				685D75051F25475A0093BFF8 /* ViewController.swift */,
				680376431F312D4100706D69 /* InitialViewController.swift */,
				68FD45B51F2FC74200743C1F /* Models */,
				685D75071F25475A0093BFF8 /* Main.storyboard */,
				685D750A1F25475A0093BFF8 /* Assets.xcassets */,
				685D750C1F25475A0093BFF8 /* LaunchScreen.storyboard */,
				685D750F1F25475A0093BFF8 /* Info.plist */,
			);
			path = "Bout Time";
			sourceTree = "<group>";
		};
		68FD45B51F2FC74200743C1F /* Models */ = {
			isa = PBXGroup;
			children = (
				686B333A1F27F1D6008B5027 /* Game.swift */,
				68FD45B31F2FC71D00743C1F /* HistoricalEvent.swift */,
			);
			name = Models;
			sourceTree = "<group>";
		};
/* End PBXGroup section */

/* Begin PBXNativeTarget section */
		685D74FF1F25475A0093BFF8 /* Bout Time */ = {
			isa = PBXNativeTarget;
			buildConfigurationList = 685D75121F25475A0093BFF8 /* Build configuration list for PBXNativeTarget "Bout Time" */;
			buildPhases = (
				685D74FC1F25475A0093BFF8 /* Sources */,
				685D74FD1F25475A0093BFF8 /* Frameworks */,
				685D74FE1F25475A0093BFF8 /* Resources */,
			);
			buildRules = (
			);
			dependencies = (
			);
			name = "Bout Time";
			productName = "Bout Time";
			productReference = 685D75001F25475A0093BFF8 /* Bout Time.app */;
			productType = "com.apple.product-type.application";
		};
/* End PBXNativeTarget section */

/* Begin PBXProject section */
		685D74F81F25475A0093BFF8 /* Project object */ = {
			isa = PBXProject;
			attributes = {
				LastSwiftUpdateCheck = 0830;
				LastUpgradeCheck = 0830;
				ORGANIZATIONNAME = "Garrett Votaw";
				TargetAttributes = {
					685D74FF1F25475A0093BFF8 = {
						CreatedOnToolsVersion = 8.3.3;
						DevelopmentTeam = 2J2B92S4Z7;
						ProvisioningStyle = Automatic;
					};
				};
			};
			buildConfigurationList = 685D74FB1F25475A0093BFF8 /* Build configuration list for PBXProject "Bout Time" */;
			compatibilityVersion = "Xcode 3.2";
			developmentRegion = English;
			hasScannedForEncodings = 0;
			knownRegions = (
				en,
				Base,
			);
			mainGroup = 685D74F71F25475A0093BFF8;
			productRefGroup = 685D75011F25475A0093BFF8 /* Products */;
			projectDirPath = "";
			projectRoot = "";
			targets = (
				685D74FF1F25475A0093BFF8 /* Bout Time */,
			);
		};
/* End PBXProject section */

/* Begin PBXResourcesBuildPhase section */
		685D74FE1F25475A0093BFF8 /* Resources */ = {
			isa = PBXResourcesBuildPhase;
			buildActionMask = 2147483647;
			files = (
				685D750E1F25475A0093BFF8 /* LaunchScreen.storyboard in Resources */,
				685D750B1F25475A0093BFF8 /* Assets.xcassets in Resources */,
				685D75091F25475A0093BFF8 /* Main.storyboard in Resources */,
			);
			runOnlyForDeploymentPostprocessing = 0;
		};
/* End PBXResourcesBuildPhase section */

/* Begin PBXSourcesBuildPhase section */
		685D74FC1F25475A0093BFF8 /* Sources */ = {
			isa = PBXSourcesBuildPhase;
			buildActionMask = 2147483647;
			files = (
				680376441F312D4100706D69 /* InitialViewController.swift in Sources */,
				68FD45B41F2FC71D00743C1F /* HistoricalEvent.swift in Sources */,
				685D75061F25475A0093BFF8 /* ViewController.swift in Sources */,
				686B333B1F27F1D6008B5027 /* Game.swift in Sources */,
				685D75041F25475A0093BFF8 /* AppDelegate.swift in Sources */,
			);
			runOnlyForDeploymentPostprocessing = 0;
		};
/* End PBXSourcesBuildPhase section */

/* Begin PBXVariantGroup section */
		685D75071F25475A0093BFF8 /* Main.storyboard */ = {
			isa = PBXVariantGroup;
			children = (
				685D75081F25475A0093BFF8 /* Base */,
			);
			name = Main.storyboard;
			sourceTree = "<group>";
		};
		685D750C1F25475A0093BFF8 /* LaunchScreen.storyboard */ = {
			isa = PBXVariantGroup;
			children = (
				685D750D1F25475A0093BFF8 /* Base */,
			);
			name = LaunchScreen.storyboard;
			sourceTree = "<group>";
		};
/* End PBXVariantGroup section */

/* Begin XCBuildConfiguration section */
		685D75101F25475A0093BFF8 /* Debug */ = {
			isa = XCBuildConfiguration;
			buildSettings = {
				ALWAYS_SEARCH_USER_PATHS = NO;
				CLANG_ANALYZER_NONNULL = YES;
				CLANG_ANALYZER_NUMBER_OBJECT_CONVERSION = YES_AGGRESSIVE;
				CLANG_CXX_LANGUAGE_STANDARD = "gnu++0x";
				CLANG_CXX_LIBRARY = "libc++";
				CLANG_ENABLE_MODULES = YES;
				CLANG_ENABLE_OBJC_ARC = YES;
				CLANG_WARN_BOOL_CONVERSION = YES;
				CLANG_WARN_CONSTANT_CONVERSION = YES;
				CLANG_WARN_DIRECT_OBJC_ISA_USAGE = YES_ERROR;
				CLANG_WARN_DOCUMENTATION_COMMENTS = YES;
				CLANG_WARN_EMPTY_BODY = YES;
				CLANG_WARN_ENUM_CONVERSION = YES;
				CLANG_WARN_INFINITE_RECURSION = YES;
				CLANG_WARN_INT_CONVERSION = YES;
				CLANG_WARN_OBJC_ROOT_CLASS = YES_ERROR;
				CLANG_WARN_SUSPICIOUS_MOVE = YES;
				CLANG_WARN_UNREACHABLE_CODE = YES;
				CLANG_WARN__DUPLICATE_METHOD_MATCH = YES;
				"CODE_SIGN_IDENTITY[sdk=iphoneos*]" = "iPhone Developer";
				COPY_PHASE_STRIP = NO;
				DEBUG_INFORMATION_FORMAT = dwarf;
				ENABLE_STRICT_OBJC_MSGSEND = YES;
				ENABLE_TESTABILITY = YES;
				GCC_C_LANGUAGE_STANDARD = gnu99;
				GCC_DYNAMIC_NO_PIC = NO;
				GCC_NO_COMMON_BLOCKS = YES;
				GCC_OPTIMIZATION_LEVEL = 0;
				GCC_PREPROCESSOR_DEFINITIONS = (
					"DEBUG=1",
					"$(inherited)",
				);
				GCC_WARN_64_TO_32_BIT_CONVERSION = YES;
				GCC_WARN_ABOUT_RETURN_TYPE = YES_ERROR;
				GCC_WARN_UNDECLARED_SELECTOR = YES;
				GCC_WARN_UNINITIALIZED_AUTOS = YES_AGGRESSIVE;
				GCC_WARN_UNUSED_FUNCTION = YES;
				GCC_WARN_UNUSED_VARIABLE = YES;
				IPHONEOS_DEPLOYMENT_TARGET = 10.3;
				MTL_ENABLE_DEBUG_INFO = YES;
				ONLY_ACTIVE_ARCH = YES;
				SDKROOT = iphoneos;
				SWIFT_ACTIVE_COMPILATION_CONDITIONS = DEBUG;
				SWIFT_OPTIMIZATION_LEVEL = "-Onone";
			};
			name = Debug;
		};
		685D75111F25475A0093BFF8 /* Release */ = {
			isa = XCBuildConfiguration;
			buildSettings = {
				ALWAYS_SEARCH_USER_PATHS = NO;
				CLANG_ANALYZER_NONNULL = YES;
				CLANG_ANALYZER_NUMBER_OBJECT_CONVERSION = YES_AGGRESSIVE;
				CLANG_CXX_LANGUAGE_STANDARD = "gnu++0x";
				CLANG_CXX_LIBRARY = "libc++";
				CLANG_ENABLE_MODULES = YES;
				CLANG_ENABLE_OBJC_ARC = YES;
				CLANG_WARN_BOOL_CONVERSION = YES;
				CLANG_WARN_CONSTANT_CONVERSION = YES;
				CLANG_WARN_DIRECT_OBJC_ISA_USAGE = YES_ERROR;
				CLANG_WARN_DOCUMENTATION_COMMENTS = YES;
				CLANG_WARN_EMPTY_BODY = YES;
				CLANG_WARN_ENUM_CONVERSION = YES;
				CLANG_WARN_INFINITE_RECURSION = YES;
				CLANG_WARN_INT_CONVERSION = YES;
				CLANG_WARN_OBJC_ROOT_CLASS = YES_ERROR;
				CLANG_WARN_SUSPICIOUS_MOVE = YES;
				CLANG_WARN_UNREACHABLE_CODE = YES;
				CLANG_WARN__DUPLICATE_METHOD_MATCH = YES;
				"CODE_SIGN_IDENTITY[sdk=iphoneos*]" = "iPhone Developer";
				COPY_PHASE_STRIP = NO;
				DEBUG_INFORMATION_FORMAT = "dwarf-with-dsym";
				ENABLE_NS_ASSERTIONS = NO;
				ENABLE_STRICT_OBJC_MSGSEND = YES;
				GCC_C_LANGUAGE_STANDARD = gnu99;
				GCC_NO_COMMON_BLOCKS = YES;
				GCC_WARN_64_TO_32_BIT_CONVERSION = YES;
				GCC_WARN_ABOUT_RETURN_TYPE = YES_ERROR;
				GCC_WARN_UNDECLARED_SELECTOR = YES;
				GCC_WARN_UNINITIALIZED_AUTOS = YES_AGGRESSIVE;
				GCC_WARN_UNUSED_FUNCTION = YES;
				GCC_WARN_UNUSED_VARIABLE = YES;
				IPHONEOS_DEPLOYMENT_TARGET = 10.3;
				MTL_ENABLE_DEBUG_INFO = NO;
				SDKROOT = iphoneos;
				SWIFT_OPTIMIZATION_LEVEL = "-Owholemodule";
				VALIDATE_PRODUCT = YES;
			};
			name = Release;
		};
		685D75131F25475A0093BFF8 /* Debug */ = {
			isa = XCBuildConfiguration;
			buildSettings = {
				ASSETCATALOG_COMPILER_APPICON_NAME = AppIcon;
				DEVELOPMENT_TEAM = 2J2B92S4Z7;
				INFOPLIST_FILE = "Bout Time/Info.plist";
				LD_RUNPATH_SEARCH_PATHS = "$(inherited) @executable_path/Frameworks";
				PRODUCT_BUNDLE_IDENTIFIER = "org.votaw.Bout-Time";
				PRODUCT_NAME = "$(TARGET_NAME)";
				SWIFT_VERSION = 3.0;
			};
			name = Debug;
		};
		685D75141F25475A0093BFF8 /* Release */ = {
			isa = XCBuildConfiguration;
			buildSettings = {
				ASSETCATALOG_COMPILER_APPICON_NAME = AppIcon;
				DEVELOPMENT_TEAM = 2J2B92S4Z7;
				INFOPLIST_FILE = "Bout Time/Info.plist";
				LD_RUNPATH_SEARCH_PATHS = "$(inherited) @executable_path/Frameworks";
				PRODUCT_BUNDLE_IDENTIFIER = "org.votaw.Bout-Time";
				PRODUCT_NAME = "$(TARGET_NAME)";
				SWIFT_VERSION = 3.0;
			};
			name = Release;
		};
/* End XCBuildConfiguration section */

/* Begin XCConfigurationList section */
		685D74FB1F25475A0093BFF8 /* Build configuration list for PBXProject "Bout Time" */ = {
			isa = XCConfigurationList;
			buildConfigurations = (
				685D75101F25475A0093BFF8 /* Debug */,
				685D75111F25475A0093BFF8 /* Release */,
			);
			defaultConfigurationIsVisible = 0;
			defaultConfigurationName = Release;
		};
		685D75121F25475A0093BFF8 /* Build configuration list for PBXNativeTarget "Bout Time" */ = {
			isa = XCConfigurationList;
			buildConfigurations = (
				685D75131F25475A0093BFF8 /* Debug */,
				685D75141F25475A0093BFF8 /* Release */,
			);
			defaultConfigurationIsVisible = 0;
			defaultConfigurationName = Release;
		};
/* End XCConfigurationList section */
	};
	rootObject = 685D74F81F25475A0093BFF8 /* Project object */;
}
